
Microsoft Visual Studio Solution File, Format Version 12.00
# Visual Studio 15
VisualStudioVersion = 15.0.28307.1267
MinimumVisualStudioVersion = 10.0.40219.1
Project("{FAE04EC0-301F-11D3-BF4B-00C04F79EFBC}") = "WPFMovies", "WPFMovies\WPFMovies.csproj", "{F1812E59-A6A5-49B9-ACD7-ECF9E58BE5BF}"
EndProject
Global
	GlobalSection(SolutionConfigurationPlatforms) = preSolution
		Debug|Any CPU = Debug|Any CPU
		Release|Any CPU = Release|Any CPU
	EndGlobalSection
	GlobalSection(ProjectConfigurationPlatforms) = postSolution
		{F1812E59-A6A5-49B9-ACD7-ECF9E58BE5BF}.Debug|Any CPU.ActiveCfg = Debug|Any CPU
		{F1812E59-A6A5-49B9-ACD7-ECF9E58BE5BF}.Debug|Any CPU.Build.0 = Debug|Any CPU
		{F1812E59-A6A5-49B9-ACD7-ECF9E58BE5BF}.Release|Any CPU.ActiveCfg = Release|Any CPU
		{F1812E59-A6A5-49B9-ACD7-ECF9E58BE5BF}.Release|Any CPU.Build.0 = Release|Any CPU
	EndGlobalSection
	GlobalSection(SolutionProperties) = preSolution
		HideSolutionNode = FALSE
	EndGlobalSection
	GlobalSection(ExtensibilityGlobals) = postSolution
		SolutionGuid = {57AA9B7D-C0DB-41EA-8CFD-836B433659E1}
	EndGlobalSection
EndGlobal
